{
  "name": "etraining",
  "version": "1.0.0",
  "lockfileVersion": 2,
  "requires": true,
  "packages": {
    "": {
      "name": "etraining",
      "version": "1.0.0",
      "license": "ISC",
      "dependencies": {
        "animate.css": "^4.1.1",
        "jquery.json-viewer": "^1.4.0",
        "sweetalert2": "^9.14.3"
      }
    },
    "node_modules/animate.css": {
      "version": "4.1.1",
      "resolved": "https://registry.npmjs.org/animate.css/-/animate.css-4.1.1.tgz",
      "integrity": "sha512-+mRmCTv6SbCmtYJCN4faJMNFVNN5EuCTTprDTAo7YzIGji2KADmakjVA3+8mVDkZ2Bf09vayB35lSQIex2+QaQ=="
    },
    "node_modules/jquery.json-viewer": {
      "version": "1.4.0",
      "resolved": "https://registry.npmjs.org/jquery.json-viewer/-/jquery.json-viewer-1.4.0.tgz",
      "integrity": "sha512-6H1U/w+/8vMwDH5Im0OveuKPZ1fZWy7hgvR3Cn+HeamQIoWrVqBuRaE2TF/xEc6Hmi3vhQVRqZBmYGKTdOo2tw=="
    },
    "node_modules/sweetalert2": {
      "version": "9.14.3",
      "resolved": "https://registry.npmjs.org/sweetalert2/-/sweetalert2-9.14.3.tgz",
      "integrity": "sha512-K3rXlA5EnKUDpAHbnRlyWGFb8kg1gfhY7bnD/rZlXUW+OZjrxbFOyL/zn1AB++FS9QK9AFqP81kFh4/EBhUcuw==",
      "funding": {
        "url": "https://sweetalert2.github.io/#donations"
      }
    }
  },
  "dependencies": {
    "animate.css": {
      "version": "4.1.1",
      "resolved": "https://registry.npmjs.org/animate.css/-/animate.css-4.1.1.tgz",
      "integrity": "sha512-+mRmCTv6SbCmtYJCN4faJMNFVNN5EuCTTprDTAo7YzIGji2KADmakjVA3+8mVDkZ2Bf09vayB35lSQIex2+QaQ=="
    },
    "jquery.json-viewer": {
      "version": "1.4.0",
      "resolved": "https://registry.npmjs.org/jquery.json-viewer/-/jquery.json-viewer-1.4.0.tgz",
      "integrity": "sha512-6H1U/w+/8vMwDH5Im0OveuKPZ1fZWy7hgvR3Cn+HeamQIoWrVqBuRaE2TF/xEc6Hmi3vhQVRqZBmYGKTdOo2tw=="
    },
    "sweetalert2": {
      "version": "9.14.3",
      "resolved": "https://registry.npmjs.org/sweetalert2/-/sweetalert2-9.14.3.tgz",
      "integrity": "sha512-K3rXlA5EnKUDpAHbnRlyWGFb8kg1gfhY7bnD/rZlXUW+OZjrxbFOyL/zn1AB++FS9QK9AFqP81kFh4/EBhUcuw=="
    }
  }
}
