{
  "name": "student",
  "version": "1.0.0",
  "lockfileVersion": 1,
  "requires": true,
  "dependencies": {
    "animate.css": {
      "version": "4.1.1",
      "resolved": "https://registry.npmjs.org/animate.css/-/animate.css-4.1.1.tgz",
      "integrity": "sha512-+mRmCTv6SbCmtYJCN4faJMNFVNN5EuCTTprDTAo7YzIGji2KADmakjVA3+8mVDkZ2Bf09vayB35lSQIex2+QaQ=="
    },
    "jquery.json-viewer": {
      "version": "1.4.0",
      "resolved": "https://registry.npmjs.org/jquery.json-viewer/-/jquery.json-viewer-1.4.0.tgz",
      "integrity": "sha512-6H1U/w+/8vMwDH5Im0OveuKPZ1fZWy7hgvR3Cn+HeamQIoWrVqBuRaE2TF/xEc6Hmi3vhQVRqZBmYGKTdOo2tw=="
    },
    "sweetalert2": {
      "version": "9.14.3",
      "resolved": "https://registry.npmjs.org/sweetalert2/-/sweetalert2-9.14.3.tgz",
      "integrity": "sha512-K3rXlA5EnKUDpAHbnRlyWGFb8kg1gfhY7bnD/rZlXUW+OZjrxbFOyL/zn1AB++FS9QK9AFqP81kFh4/EBhUcuw=="
    }
  }
}
